
Microsoft Visual Studio Solution File, Format Version 12.00
# Visual Studio 15
VisualStudioVersion = 15.0.28307.645
MinimumVisualStudioVersion = 10.0.40219.1
Project("{FAE04EC0-301F-11D3-BF4B-00C04F79EFBC}") = "Microsoft.Extensions.OData.Migration", "..\src\Microsoft.Extensions.OData.Migration\Microsoft.Extensions.OData.Migration.csproj", "{4575BD2C-1117-4CA2-8500-24BBB649FAFB}"
EndProject
Project("{FAE04EC0-301F-11D3-BF4B-00C04F79EFBC}") = "Microsoft.Extensions.OData.Migration.Tests", "..\test\FunctionalTests\Microsoft.Extensions.OData.Migration.Tests\Microsoft.Extensions.OData.Migration.Tests.csproj", "{2B2F8C7C-2910-49BE-997B-D96AE0857780}"
EndProject
Global
	GlobalSection(SolutionConfigurationPlatforms) = preSolution
		Debug|Any CPU = Debug|Any CPU
		Release|Any CPU = Release|Any CPU
	EndGlobalSection
	GlobalSection(ProjectConfigurationPlatforms) = postSolution
		{4575BD2C-1117-4CA2-8500-24BBB649FAFB}.Debug|Any CPU.ActiveCfg = Debug|Any CPU
		{4575BD2C-1117-4CA2-8500-24BBB649FAFB}.Debug|Any CPU.Build.0 = Debug|Any CPU
		{4575BD2C-1117-4CA2-8500-24BBB649FAFB}.Release|Any CPU.ActiveCfg = Release|Any CPU
		{4575BD2C-1117-4CA2-8500-24BBB649FAFB}.Release|Any CPU.Build.0 = Release|Any CPU
		{2B2F8C7C-2910-49BE-997B-D96AE0857780}.Debug|Any CPU.ActiveCfg = Debug|Any CPU
		{2B2F8C7C-2910-49BE-997B-D96AE0857780}.Debug|Any CPU.Build.0 = Debug|Any CPU
		{2B2F8C7C-2910-49BE-997B-D96AE0857780}.Release|Any CPU.ActiveCfg = Release|Any CPU
		{2B2F8C7C-2910-49BE-997B-D96AE0857780}.Release|Any CPU.Build.0 = Release|Any CPU
	EndGlobalSection
	GlobalSection(SolutionProperties) = preSolution
		HideSolutionNode = FALSE
	EndGlobalSection
	GlobalSection(ExtensibilityGlobals) = postSolution
		SolutionGuid = {A838D3F6-9DDA-4664-BCB3-B76B835A1C55}
	EndGlobalSection
EndGlobal
