
Microsoft Visual Studio Solution File, Format Version 12.00
# Visual Studio 15
VisualStudioVersion = 15.0.26730.16
MinimumVisualStudioVersion = 14.0.25420.1
Project("{2150E333-8FDC-42A3-9474-1A3956D46DE8}") = "src", "src", "{AE28D570-28A6-45E1-A695-35C5B27CC4F8}"
EndProject
Project("{2150E333-8FDC-42A3-9474-1A3956D46DE8}") = "test", "test", "{F2442089-4BD1-4AEF-91FE-E7192432077E}"
EndProject
Project("{2150E333-8FDC-42A3-9474-1A3956D46DE8}") = "unitTests", "unitTests", "{31EFC4F5-C88F-434C-BB94-4C6769997C88}"
EndProject
Project("{2150E333-8FDC-42A3-9474-1A3956D46DE8}") = "helper", "helper", "{56DEF0B0-DE00-478C-8191-F7A5526AB6F7}"
EndProject
Project("{2150E333-8FDC-42A3-9474-1A3956D46DE8}") = "regressionTests", "regressionTests", "{0BDE0365-3053-45AF-A415-7888E1DBBC2C}"
EndProject
Project("{2150E333-8FDC-42A3-9474-1A3956D46DE8}") = "e2eTests", "e2eTests", "{C8E49548-264D-49A9-B73A-CA72FEA98E2C}"
EndProject
Project("{9A19103F-16F7-4668-BE54-9A1E7A4F7556}") = "OData.Client.Tests", "..\test\FunctionalTests\Microsoft.OData.Extensions.Client.Tests\OData.Client.Tests.csproj", "{F6FFEAB3-2C8A-40F3-9826-F79C491805B5}"
EndProject
Project("{2150E333-8FDC-42A3-9474-1A3956D46DE8}") = "Build", "Build", "{7722556C-BF9A-4B97-935A-6117A205A4FA}"
	ProjectSection(SolutionItems) = preProject
		..\Build.props = ..\Build.props
		..\tools\CustomMSBuild\Versioning.props = ..\tools\CustomMSBuild\Versioning.props
	EndProjectSection
EndProject
Project("{9A19103F-16F7-4668-BE54-9A1E7A4F7556}") = "OData.V3Client.Abstractions", "..\src\Microsoft.OData.Extensions.Client.Abstractions\OData.V3Client.Abstractions.csproj", "{51D64F0C-84CA-4F75-8CD9-581BFE4AAFA4}"
EndProject
Project("{9A19103F-16F7-4668-BE54-9A1E7A4F7556}") = "OData.V3Client", "..\src\Microsoft.OData.Extensions.Client\OData.V3Client.csproj", "{926FCF5E-5C29-4AA1-A819-B79F711C5A07}"
EndProject
Project("{2150E333-8FDC-42A3-9474-1A3956D46DE8}") = "Build", "Build", "{CD7467C7-76EA-4396-BD56-76A298DFF110}"
	ProjectSection(SolutionItems) = preProject
		..\src\Build.props = ..\src\Build.props
	EndProjectSection
EndProject
Global
	GlobalSection(SolutionConfigurationPlatforms) = preSolution
		Cover|Any CPU = Cover|Any CPU
		Cover|x64 = Cover|x64
		Cover|x86 = Cover|x86
		Debug|Any CPU = Debug|Any CPU
		Debug|x64 = Debug|x64
		Debug|x86 = Debug|x86
		Release|Any CPU = Release|Any CPU
		Release|x64 = Release|x64
		Release|x86 = Release|x86
	EndGlobalSection
	GlobalSection(ProjectConfigurationPlatforms) = postSolution
		{F6FFEAB3-2C8A-40F3-9826-F79C491805B5}.Cover|Any CPU.ActiveCfg = Debug|Any CPU
		{F6FFEAB3-2C8A-40F3-9826-F79C491805B5}.Cover|Any CPU.Build.0 = Debug|Any CPU
		{F6FFEAB3-2C8A-40F3-9826-F79C491805B5}.Cover|x64.ActiveCfg = Debug|Any CPU
		{F6FFEAB3-2C8A-40F3-9826-F79C491805B5}.Cover|x64.Build.0 = Debug|Any CPU
		{F6FFEAB3-2C8A-40F3-9826-F79C491805B5}.Cover|x86.ActiveCfg = Debug|Any CPU
		{F6FFEAB3-2C8A-40F3-9826-F79C491805B5}.Cover|x86.Build.0 = Debug|Any CPU
		{F6FFEAB3-2C8A-40F3-9826-F79C491805B5}.Debug|Any CPU.ActiveCfg = Debug|Any CPU
		{F6FFEAB3-2C8A-40F3-9826-F79C491805B5}.Debug|Any CPU.Build.0 = Debug|Any CPU
		{F6FFEAB3-2C8A-40F3-9826-F79C491805B5}.Debug|x64.ActiveCfg = Debug|Any CPU
		{F6FFEAB3-2C8A-40F3-9826-F79C491805B5}.Debug|x64.Build.0 = Debug|Any CPU
		{F6FFEAB3-2C8A-40F3-9826-F79C491805B5}.Debug|x86.ActiveCfg = Debug|Any CPU
		{F6FFEAB3-2C8A-40F3-9826-F79C491805B5}.Debug|x86.Build.0 = Debug|Any CPU
		{F6FFEAB3-2C8A-40F3-9826-F79C491805B5}.Release|Any CPU.ActiveCfg = Release|Any CPU
		{F6FFEAB3-2C8A-40F3-9826-F79C491805B5}.Release|Any CPU.Build.0 = Release|Any CPU
		{F6FFEAB3-2C8A-40F3-9826-F79C491805B5}.Release|x64.ActiveCfg = Release|Any CPU
		{F6FFEAB3-2C8A-40F3-9826-F79C491805B5}.Release|x64.Build.0 = Release|Any CPU
		{F6FFEAB3-2C8A-40F3-9826-F79C491805B5}.Release|x86.ActiveCfg = Release|Any CPU
		{F6FFEAB3-2C8A-40F3-9826-F79C491805B5}.Release|x86.Build.0 = Release|Any CPU
		{51D64F0C-84CA-4F75-8CD9-581BFE4AAFA4}.Cover|Any CPU.ActiveCfg = Debug|Any CPU
		{51D64F0C-84CA-4F75-8CD9-581BFE4AAFA4}.Cover|Any CPU.Build.0 = Debug|Any CPU
		{51D64F0C-84CA-4F75-8CD9-581BFE4AAFA4}.Cover|x64.ActiveCfg = Debug|Any CPU
		{51D64F0C-84CA-4F75-8CD9-581BFE4AAFA4}.Cover|x64.Build.0 = Debug|Any CPU
		{51D64F0C-84CA-4F75-8CD9-581BFE4AAFA4}.Cover|x86.ActiveCfg = Debug|Any CPU
		{51D64F0C-84CA-4F75-8CD9-581BFE4AAFA4}.Cover|x86.Build.0 = Debug|Any CPU
		{51D64F0C-84CA-4F75-8CD9-581BFE4AAFA4}.Debug|Any CPU.ActiveCfg = Debug|Any CPU
		{51D64F0C-84CA-4F75-8CD9-581BFE4AAFA4}.Debug|Any CPU.Build.0 = Debug|Any CPU
		{51D64F0C-84CA-4F75-8CD9-581BFE4AAFA4}.Debug|x64.ActiveCfg = Debug|Any CPU
		{51D64F0C-84CA-4F75-8CD9-581BFE4AAFA4}.Debug|x64.Build.0 = Debug|Any CPU
		{51D64F0C-84CA-4F75-8CD9-581BFE4AAFA4}.Debug|x86.ActiveCfg = Debug|Any CPU
		{51D64F0C-84CA-4F75-8CD9-581BFE4AAFA4}.Debug|x86.Build.0 = Debug|Any CPU
		{51D64F0C-84CA-4F75-8CD9-581BFE4AAFA4}.Release|Any CPU.ActiveCfg = Release|Any CPU
		{51D64F0C-84CA-4F75-8CD9-581BFE4AAFA4}.Release|Any CPU.Build.0 = Release|Any CPU
		{51D64F0C-84CA-4F75-8CD9-581BFE4AAFA4}.Release|x64.ActiveCfg = Release|Any CPU
		{51D64F0C-84CA-4F75-8CD9-581BFE4AAFA4}.Release|x64.Build.0 = Release|Any CPU
		{51D64F0C-84CA-4F75-8CD9-581BFE4AAFA4}.Release|x86.ActiveCfg = Release|Any CPU
		{51D64F0C-84CA-4F75-8CD9-581BFE4AAFA4}.Release|x86.Build.0 = Release|Any CPU
		{926FCF5E-5C29-4AA1-A819-B79F711C5A07}.Cover|Any CPU.ActiveCfg = Debug|Any CPU
		{926FCF5E-5C29-4AA1-A819-B79F711C5A07}.Cover|Any CPU.Build.0 = Debug|Any CPU
		{926FCF5E-5C29-4AA1-A819-B79F711C5A07}.Cover|x64.ActiveCfg = Debug|Any CPU
		{926FCF5E-5C29-4AA1-A819-B79F711C5A07}.Cover|x64.Build.0 = Debug|Any CPU
		{926FCF5E-5C29-4AA1-A819-B79F711C5A07}.Cover|x86.ActiveCfg = Debug|Any CPU
		{926FCF5E-5C29-4AA1-A819-B79F711C5A07}.Cover|x86.Build.0 = Debug|Any CPU
		{926FCF5E-5C29-4AA1-A819-B79F711C5A07}.Debug|Any CPU.ActiveCfg = Debug|Any CPU
		{926FCF5E-5C29-4AA1-A819-B79F711C5A07}.Debug|Any CPU.Build.0 = Debug|Any CPU
		{926FCF5E-5C29-4AA1-A819-B79F711C5A07}.Debug|x64.ActiveCfg = Debug|Any CPU
		{926FCF5E-5C29-4AA1-A819-B79F711C5A07}.Debug|x64.Build.0 = Debug|Any CPU
		{926FCF5E-5C29-4AA1-A819-B79F711C5A07}.Debug|x86.ActiveCfg = Debug|Any CPU
		{926FCF5E-5C29-4AA1-A819-B79F711C5A07}.Debug|x86.Build.0 = Debug|Any CPU
		{926FCF5E-5C29-4AA1-A819-B79F711C5A07}.Release|Any CPU.ActiveCfg = Release|Any CPU
		{926FCF5E-5C29-4AA1-A819-B79F711C5A07}.Release|Any CPU.Build.0 = Release|Any CPU
		{926FCF5E-5C29-4AA1-A819-B79F711C5A07}.Release|x64.ActiveCfg = Release|Any CPU
		{926FCF5E-5C29-4AA1-A819-B79F711C5A07}.Release|x64.Build.0 = Release|Any CPU
		{926FCF5E-5C29-4AA1-A819-B79F711C5A07}.Release|x86.ActiveCfg = Release|Any CPU
		{926FCF5E-5C29-4AA1-A819-B79F711C5A07}.Release|x86.Build.0 = Release|Any CPU
	EndGlobalSection
	GlobalSection(SolutionProperties) = preSolution
		HideSolutionNode = FALSE
	EndGlobalSection
	GlobalSection(NestedProjects) = preSolution
		{31EFC4F5-C88F-434C-BB94-4C6769997C88} = {F2442089-4BD1-4AEF-91FE-E7192432077E}
		{56DEF0B0-DE00-478C-8191-F7A5526AB6F7} = {F2442089-4BD1-4AEF-91FE-E7192432077E}
		{0BDE0365-3053-45AF-A415-7888E1DBBC2C} = {F2442089-4BD1-4AEF-91FE-E7192432077E}
		{C8E49548-264D-49A9-B73A-CA72FEA98E2C} = {F2442089-4BD1-4AEF-91FE-E7192432077E}
		{F6FFEAB3-2C8A-40F3-9826-F79C491805B5} = {31EFC4F5-C88F-434C-BB94-4C6769997C88}
		{51D64F0C-84CA-4F75-8CD9-581BFE4AAFA4} = {AE28D570-28A6-45E1-A695-35C5B27CC4F8}
		{926FCF5E-5C29-4AA1-A819-B79F711C5A07} = {AE28D570-28A6-45E1-A695-35C5B27CC4F8}
		{CD7467C7-76EA-4396-BD56-76A298DFF110} = {AE28D570-28A6-45E1-A695-35C5B27CC4F8}
	EndGlobalSection
	GlobalSection(ExtensibilityGlobals) = postSolution
		SolutionGuid = {9A8C8EA9-487D-4990-BFA6-2D5A9462AEDC}
	EndGlobalSection
EndGlobal
